
Microsoft Visual Studio Solution File, Format Version 12.00
# Visual Studio Version 17
VisualStudioVersion = 17.7.34031.279
MinimumVisualStudioVersion = 10.0.40219.1
Project("{9A19103F-16F7-4668-BE54-9A1E7A4F7556}") = "ProduitsPT", "ProduitsPT.csproj", "{A6ED47C1-FE6E-49E7-B8B2-593947667220}"
EndProject
Global
	GlobalSection(SolutionConfigurationPlatforms) = preSolution
		Debug|Any CPU = Debug|Any CPU
		Release|Any CPU = Release|Any CPU
	EndGlobalSection
	GlobalSection(ProjectConfigurationPlatforms) = postSolution
		{A6ED47C1-FE6E-49E7-B8B2-593947667220}.Debug|Any CPU.ActiveCfg = Debug|Any CPU
		{A6ED47C1-FE6E-49E7-B8B2-593947667220}.Debug|Any CPU.Build.0 = Debug|Any CPU
		{A6ED47C1-FE6E-49E7-B8B2-593947667220}.Release|Any CPU.ActiveCfg = Release|Any CPU
		{A6ED47C1-FE6E-49E7-B8B2-593947667220}.Release|Any CPU.Build.0 = Release|Any CPU
	EndGlobalSection
	GlobalSection(SolutionProperties) = preSolution
		HideSolutionNode = FALSE
	EndGlobalSection
	GlobalSection(ExtensibilityGlobals) = postSolution
		SolutionGuid = {55838EE9-077E-4D3B-B7AF-E15EF8D9A7A6}
	EndGlobalSection
EndGlobal
